
Microsoft Visual Studio Solution File, Format Version 12.00
# Visual Studio Version 17
VisualStudioVersion = 17.13.35818.85 d17.13
MinimumVisualStudioVersion = 10.0.40219.1
Project("{FAE04EC0-301F-11D3-BF4B-00C04F79EFBC}") = "claseOOP1", "claseOOP1\claseOOP1.csproj", "{65ED1814-3EB2-4C62-9EB3-8E49BFE0EE87}"
EndProject
Global
	GlobalSection(SolutionConfigurationPlatforms) = preSolution
		Debug|Any CPU = Debug|Any CPU
		Release|Any CPU = Release|Any CPU
	EndGlobalSection
	GlobalSection(ProjectConfigurationPlatforms) = postSolution
		{65ED1814-3EB2-4C62-9EB3-8E49BFE0EE87}.Debug|Any CPU.ActiveCfg = Debug|Any CPU
		{65ED1814-3EB2-4C62-9EB3-8E49BFE0EE87}.Debug|Any CPU.Build.0 = Debug|Any CPU
		{65ED1814-3EB2-4C62-9EB3-8E49BFE0EE87}.Release|Any CPU.ActiveCfg = Release|Any CPU
		{65ED1814-3EB2-4C62-9EB3-8E49BFE0EE87}.Release|Any CPU.Build.0 = Release|Any CPU
	EndGlobalSection
	GlobalSection(SolutionProperties) = preSolution
		HideSolutionNode = FALSE
	EndGlobalSection
	GlobalSection(ExtensibilityGlobals) = postSolution
		SolutionGuid = {495F2F26-C32F-4F71-8427-ACC818C2B373}
	EndGlobalSection
EndGlobal
